
Microsoft Visual Studio Solution File, Format Version 12.00
# Visual Studio Version 16
VisualStudioVersion = 16.0.29509.3
MinimumVisualStudioVersion = 10.0.40219.1
Project("{FAE04EC0-301F-11D3-BF4B-00C04F79EFBC}") = "LinQ (Nivel Intermedio)", "LinQ (Nivel Intermedio)\LinQ (Nivel Intermedio).csproj", "{80281E3B-D30C-4A00-9831-A3AE505D64F1}"
EndProject
Global
	GlobalSection(SolutionConfigurationPlatforms) = preSolution
		Debug|Any CPU = Debug|Any CPU
		Release|Any CPU = Release|Any CPU
	EndGlobalSection
	GlobalSection(ProjectConfigurationPlatforms) = postSolution
		{80281E3B-D30C-4A00-9831-A3AE505D64F1}.Debug|Any CPU.ActiveCfg = Debug|Any CPU
		{80281E3B-D30C-4A00-9831-A3AE505D64F1}.Debug|Any CPU.Build.0 = Debug|Any CPU
		{80281E3B-D30C-4A00-9831-A3AE505D64F1}.Release|Any CPU.ActiveCfg = Release|Any CPU
		{80281E3B-D30C-4A00-9831-A3AE505D64F1}.Release|Any CPU.Build.0 = Release|Any CPU
	EndGlobalSection
	GlobalSection(SolutionProperties) = preSolution
		HideSolutionNode = FALSE
	EndGlobalSection
	GlobalSection(ExtensibilityGlobals) = postSolution
		SolutionGuid = {23E202FD-85EA-47EA-BF90-D00712083D6B}
	EndGlobalSection
EndGlobal
